
Microsoft Visual Studio Solution File, Format Version 12.00
# Visual Studio Version 17
VisualStudioVersion = 17.0.31903.59
MinimumVisualStudioVersion = 10.0.40219.1
Project("{2150E333-8FDC-42A3-9474-1A3956D46DE8}") = "src", "src", "{CC287AB9-35DE-439D-9818-AF73175D763E}"
EndProject
Project("{FAE04EC0-301F-11D3-BF4B-00C04F79EFBC}") = "Noa.Compiler", "src\compiler\Noa.Compiler.csproj", "{3D47DF48-70B9-4D4E-A7F4-046BCBE9FE76}"
EndProject
Project("{FAE04EC0-301F-11D3-BF4B-00C04F79EFBC}") = "Noa.Cli", "src\cli\Noa.Cli.csproj", "{5689803D-96B0-49ED-BA10-D0709C1BCCB5}"
EndProject
Project("{FAE04EC0-301F-11D3-BF4B-00C04F79EFBC}") = "Noa.Compiler.Tests", "src\compiler-tests\Noa.Compiler.Tests.csproj", "{B796A0E0-E0AA-40CC-AFB3-51D6F17F63AE}"
EndProject
Global
	GlobalSection(SolutionConfigurationPlatforms) = preSolution
		Debug|Any CPU = Debug|Any CPU
		Release|Any CPU = Release|Any CPU
	EndGlobalSection
	GlobalSection(SolutionProperties) = preSolution
		HideSolutionNode = FALSE
	EndGlobalSection
	GlobalSection(ProjectConfigurationPlatforms) = postSolution
		{3D47DF48-70B9-4D4E-A7F4-046BCBE9FE76}.Debug|Any CPU.ActiveCfg = Debug|Any CPU
		{3D47DF48-70B9-4D4E-A7F4-046BCBE9FE76}.Debug|Any CPU.Build.0 = Debug|Any CPU
		{3D47DF48-70B9-4D4E-A7F4-046BCBE9FE76}.Release|Any CPU.ActiveCfg = Release|Any CPU
		{3D47DF48-70B9-4D4E-A7F4-046BCBE9FE76}.Release|Any CPU.Build.0 = Release|Any CPU
		{5689803D-96B0-49ED-BA10-D0709C1BCCB5}.Debug|Any CPU.ActiveCfg = Debug|Any CPU
		{5689803D-96B0-49ED-BA10-D0709C1BCCB5}.Debug|Any CPU.Build.0 = Debug|Any CPU
		{5689803D-96B0-49ED-BA10-D0709C1BCCB5}.Release|Any CPU.ActiveCfg = Release|Any CPU
		{5689803D-96B0-49ED-BA10-D0709C1BCCB5}.Release|Any CPU.Build.0 = Release|Any CPU
		{B796A0E0-E0AA-40CC-AFB3-51D6F17F63AE}.Debug|Any CPU.ActiveCfg = Debug|Any CPU
		{B796A0E0-E0AA-40CC-AFB3-51D6F17F63AE}.Debug|Any CPU.Build.0 = Debug|Any CPU
		{B796A0E0-E0AA-40CC-AFB3-51D6F17F63AE}.Release|Any CPU.ActiveCfg = Release|Any CPU
		{B796A0E0-E0AA-40CC-AFB3-51D6F17F63AE}.Release|Any CPU.Build.0 = Release|Any CPU
	EndGlobalSection
	GlobalSection(NestedProjects) = preSolution
		{3D47DF48-70B9-4D4E-A7F4-046BCBE9FE76} = {CC287AB9-35DE-439D-9818-AF73175D763E}
		{5689803D-96B0-49ED-BA10-D0709C1BCCB5} = {CC287AB9-35DE-439D-9818-AF73175D763E}
		{B796A0E0-E0AA-40CC-AFB3-51D6F17F63AE} = {CC287AB9-35DE-439D-9818-AF73175D763E}
	EndGlobalSection
EndGlobal
